
Microsoft Visual Studio Solution File, Format Version 12.00
# Visual Studio 15
VisualStudioVersion = 15.0.28307.779
MinimumVisualStudioVersion = 10.0.40219.1
Project("{FAE04EC0-301F-11D3-BF4B-00C04F79EFBC}") = "SimpleApi", "SimpleApi\SimpleApi.csproj", "{89F99960-A61F-423F-A5CF-A6FEEA37BCEC}"
EndProject
Global
	GlobalSection(SolutionConfigurationPlatforms) = preSolution
		Debug|Any CPU = Debug|Any CPU
		Release|Any CPU = Release|Any CPU
	EndGlobalSection
	GlobalSection(ProjectConfigurationPlatforms) = postSolution
		{89F99960-A61F-423F-A5CF-A6FEEA37BCEC}.Debug|Any CPU.ActiveCfg = Debug|Any CPU
		{89F99960-A61F-423F-A5CF-A6FEEA37BCEC}.Debug|Any CPU.Build.0 = Debug|Any CPU
		{89F99960-A61F-423F-A5CF-A6FEEA37BCEC}.Release|Any CPU.ActiveCfg = Release|Any CPU
		{89F99960-A61F-423F-A5CF-A6FEEA37BCEC}.Release|Any CPU.Build.0 = Release|Any CPU
	EndGlobalSection
	GlobalSection(SolutionProperties) = preSolution
		HideSolutionNode = FALSE
	EndGlobalSection
	GlobalSection(ExtensibilityGlobals) = postSolution
		SolutionGuid = {42047620-C2C5-4BBC-9DD3-9C16C84E47A2}
	EndGlobalSection
EndGlobal
